
Microsoft Visual Studio Solution File, Format Version 12.00
# Visual Studio Version 17
VisualStudioVersion = 17.2.32616.157
MinimumVisualStudioVersion = 10.0.40219.1
Project("{9A19103F-16F7-4668-BE54-9A1E7A4F7556}") = "Escola.WebAPI", "Escola.WebAPI.csproj", "{F9005FBA-76BE-4FF8-B382-954BA8810CC1}"
EndProject
Project("{FAE04EC0-301F-11D3-BF4B-00C04F79EFBC}") = "Escola.TDD", "..\Escola.TDD\Escola.TDD.csproj", "{F8A90B5F-A26E-4D3C-B441-95129076F837}"
EndProject
Global
	GlobalSection(SolutionConfigurationPlatforms) = preSolution
		Debug|Any CPU = Debug|Any CPU
		Release|Any CPU = Release|Any CPU
	EndGlobalSection
	GlobalSection(ProjectConfigurationPlatforms) = postSolution
		{F9005FBA-76BE-4FF8-B382-954BA8810CC1}.Debug|Any CPU.ActiveCfg = Debug|Any CPU
		{F9005FBA-76BE-4FF8-B382-954BA8810CC1}.Debug|Any CPU.Build.0 = Debug|Any CPU
		{F9005FBA-76BE-4FF8-B382-954BA8810CC1}.Release|Any CPU.ActiveCfg = Release|Any CPU
		{F9005FBA-76BE-4FF8-B382-954BA8810CC1}.Release|Any CPU.Build.0 = Release|Any CPU
		{F8A90B5F-A26E-4D3C-B441-95129076F837}.Debug|Any CPU.ActiveCfg = Debug|Any CPU
		{F8A90B5F-A26E-4D3C-B441-95129076F837}.Debug|Any CPU.Build.0 = Debug|Any CPU
		{F8A90B5F-A26E-4D3C-B441-95129076F837}.Release|Any CPU.ActiveCfg = Release|Any CPU
		{F8A90B5F-A26E-4D3C-B441-95129076F837}.Release|Any CPU.Build.0 = Release|Any CPU
	EndGlobalSection
	GlobalSection(SolutionProperties) = preSolution
		HideSolutionNode = FALSE
	EndGlobalSection
	GlobalSection(ExtensibilityGlobals) = postSolution
		SolutionGuid = {A943AF37-0772-4600-86C6-504E2F843B63}
	EndGlobalSection
EndGlobal
